// !$*UTF8*$!
{
	archiveVersion = 1;
	classes = {
	};
	objectVersion = 50;
	objects = {

/* Begin PBXBuildFile section */
		4DA2C77825447B4D00F743BF /* AppDelegate.swift in Sources */ = {isa = PBXBuildFile; fileRef = 4DA2C77725447B4D00F743BF /* AppDelegate.swift */; };
		4DA2C77A25447B4D00F743BF /* SceneDelegate.swift in Sources */ = {isa = PBXBuildFile; fileRef = 4DA2C77925447B4D00F743BF /* SceneDelegate.swift */; };
		4DA2C77C25447B4D00F743BF /* ViewController.swift in Sources */ = {isa = PBXBuildFile; fileRef = 4DA2C77B25447B4D00F743BF /* ViewController.swift */; };
		4DA2C77F25447B4D00F743BF /* Main.storyboard in Resources */ = {isa = PBXBuildFile; fileRef = 4DA2C77D25447B4D00F743BF /* Main.storyboard */; };
		4DA2C78125447B5300F743BF /* Assets.xcassets in Resources */ = {isa = PBXBuildFile; fileRef = 4DA2C78025447B5300F743BF /* Assets.xcassets */; };
		4DA2C78425447B5300F743BF /* LaunchScreen.storyboard in Resources */ = {isa = PBXBuildFile; fileRef = 4DA2C78225447B5300F743BF /* LaunchScreen.storyboard */; };
/* End PBXBuildFile section */

/* Begin PBXFileReference section */
		4DA2C77425447B4D00F743BF /* ProblemSolving- DinDinn.app */ = {isa = PBXFileReference; explicitFileType = wrapper.application; includeInIndex = 0; path = "ProblemSolving- DinDinn.app"; sourceTree = BUILT_PRODUCTS_DIR; };
		4DA2C77725447B4D00F743BF /* AppDelegate.swift */ = {isa = PBXFileReference; lastKnownFileType = sourcecode.swift; path = AppDelegate.swift; sourceTree = "<group>"; };
		4DA2C77925447B4D00F743BF /* SceneDelegate.swift */ = {isa = PBXFileReference; lastKnownFileType = sourcecode.swift; path = SceneDelegate.swift; sourceTree = "<group>"; };
		4DA2C77B25447B4D00F743BF /* ViewController.swift */ = {isa = PBXFileReference; lastKnownFileType = sourcecode.swift; path = ViewController.swift; sourceTree = "<group>"; };
		4DA2C77E25447B4D00F743BF /* Base */ = {isa = PBXFileReference; lastKnownFileType = file.storyboard; name = Base; path = Base.lproj/Main.storyboard; sourceTree = "<group>"; };
		4DA2C78025447B5300F743BF /* Assets.xcassets */ = {isa = PBXFileReference; lastKnownFileType = folder.assetcatalog; path = Assets.xcassets; sourceTree = "<group>"; };
		4DA2C78325447B5300F743BF /* Base */ = {isa = PBXFileReference; lastKnownFileType = file.storyboard; name = Base; path = Base.lproj/LaunchScreen.storyboard; sourceTree = "<group>"; };
		4DA2C78525447B5300F743BF /* Info.plist */ = {isa = PBXFileReference; lastKnownFileType = text.plist.xml; path = Info.plist; sourceTree = "<group>"; };
/* End PBXFileReference section */

/* Begin PBXFrameworksBuildPhase section */
		4DA2C77125447B4D00F743BF /* Frameworks */ = {
			isa = PBXFrameworksBuildPhase;
			buildActionMask = 2147483647;
			files = (
			);
			runOnlyForDeploymentPostprocessing = 0;
		};
/* End PBXFrameworksBuildPhase section */

/* Begin PBXGroup section */
		4DA2C76B25447B4D00F743BF = {
			isa = PBXGroup;
			children = (
				4DA2C77625447B4D00F743BF /* ProblemSolving- DinDinn */,
				4DA2C77525447B4D00F743BF /* Products */,
			);
			sourceTree = "<group>";
		};
		4DA2C77525447B4D00F743BF /* Products */ = {
			isa = PBXGroup;
			children = (
				4DA2C77425447B4D00F743BF /* ProblemSolving- DinDinn.app */,
			);
			name = Products;
			sourceTree = "<group>";
		};
		4DA2C77625447B4D00F743BF /* ProblemSolving- DinDinn */ = {
			isa = PBXGroup;
			children = (
				4DA2C77725447B4D00F743BF /* AppDelegate.swift */,
				4DA2C77925447B4D00F743BF /* SceneDelegate.swift */,
				4DA2C77B25447B4D00F743BF /* ViewController.swift */,
				4DA2C77D25447B4D00F743BF /* Main.storyboard */,
				4DA2C78025447B5300F743BF /* Assets.xcassets */,
				4DA2C78225447B5300F743BF /* LaunchScreen.storyboard */,
				4DA2C78525447B5300F743BF /* Info.plist */,
			);
			path = "ProblemSolving- DinDinn";
			sourceTree = "<group>";
		};
/* End PBXGroup section */

/* Begin PBXNativeTarget section */
		4DA2C77325447B4D00F743BF /* ProblemSolving- DinDinn */ = {
			isa = PBXNativeTarget;
			buildConfigurationList = 4DA2C78825447B5300F743BF /* Build configuration list for PBXNativeTarget "ProblemSolving- DinDinn" */;
			buildPhases = (
				4DA2C77025447B4D00F743BF /* Sources */,
				4DA2C77125447B4D00F743BF /* Frameworks */,
				4DA2C77225447B4D00F743BF /* Resources */,
			);
			buildRules = (
			);
			dependencies = (
			);
			name = "ProblemSolving- DinDinn";
			productName = "ProblemSolving- DinDinn";
			productReference = 4DA2C77425447B4D00F743BF /* ProblemSolving- DinDinn.app */;
			productType = "com.apple.product-type.application";
		};
/* End PBXNativeTarget section */

/* Begin PBXProject section */
		4DA2C76C25447B4D00F743BF /* Project object */ = {
			isa = PBXProject;
			attributes = {
				LastSwiftUpdateCheck = 1210;
				LastUpgradeCheck = 1210;
				TargetAttributes = {
					4DA2C77325447B4D00F743BF = {
						CreatedOnToolsVersion = 12.1;
					};
				};
			};
			buildConfigurationList = 4DA2C76F25447B4D00F743BF /* Build configuration list for PBXProject "ProblemSolving- DinDinn" */;
			compatibilityVersion = "Xcode 9.3";
			developmentRegion = en;
			hasScannedForEncodings = 0;
			knownRegions = (
				en,
				Base,
			);
			mainGroup = 4DA2C76B25447B4D00F743BF;
			productRefGroup = 4DA2C77525447B4D00F743BF /* Products */;
			projectDirPath = "";
			projectRoot = "";
			targets = (
				4DA2C77325447B4D00F743BF /* ProblemSolving- DinDinn */,
			);
		};
/* End PBXProject section */

/* Begin PBXResourcesBuildPhase section */
		4DA2C77225447B4D00F743BF /* Resources */ = {
			isa = PBXResourcesBuildPhase;
			buildActionMask = 2147483647;
			files = (
				4DA2C78425447B5300F743BF /* LaunchScreen.storyboard in Resources */,
				4DA2C78125447B5300F743BF /* Assets.xcassets in Resources */,
				4DA2C77F25447B4D00F743BF /* Main.storyboard in Resources */,
			);
			runOnlyForDeploymentPostprocessing = 0;
		};
/* End PBXResourcesBuildPhase section */

/* Begin PBXSourcesBuildPhase section */
		4DA2C77025447B4D00F743BF /* Sources */ = {
			isa = PBXSourcesBuildPhase;
			buildActionMask = 2147483647;
			files = (
				4DA2C77C25447B4D00F743BF /* ViewController.swift in Sources */,
				4DA2C77825447B4D00F743BF /* AppDelegate.swift in Sources */,
				4DA2C77A25447B4D00F743BF /* SceneDelegate.swift in Sources */,
			);
			runOnlyForDeploymentPostprocessing = 0;
		};
/* End PBXSourcesBuildPhase section */

/* Begin PBXVariantGroup section */
		4DA2C77D25447B4D00F743BF /* Main.storyboard */ = {
			isa = PBXVariantGroup;
			children = (
				4DA2C77E25447B4D00F743BF /* Base */,
			);
			name = Main.storyboard;
			sourceTree = "<group>";
		};
		4DA2C78225447B5300F743BF /* LaunchScreen.storyboard */ = {
			isa = PBXVariantGroup;
			children = (
				4DA2C78325447B5300F743BF /* Base */,
			);
			name = LaunchScreen.storyboard;
			sourceTree = "<group>";
		};
/* End PBXVariantGroup section */

/* Begin XCBuildConfiguration section */
		4DA2C78625447B5300F743BF /* Debug */ = {
			isa = XCBuildConfiguration;
			buildSettings = {
				ALWAYS_SEARCH_USER_PATHS = NO;
				CLANG_ANALYZER_NONNULL = YES;
				CLANG_ANALYZER_NUMBER_OBJECT_CONVERSION = YES_AGGRESSIVE;
				CLANG_CXX_LANGUAGE_STANDARD = "gnu++14";
				CLANG_CXX_LIBRARY = "libc++";
				CLANG_ENABLE_MODULES = YES;
				CLANG_ENABLE_OBJC_ARC = YES;
				CLANG_ENABLE_OBJC_WEAK = YES;
				CLANG_WARN_BLOCK_CAPTURE_AUTORELEASING = YES;
				CLANG_WARN_BOOL_CONVERSION = YES;
				CLANG_WARN_COMMA = YES;
				CLANG_WARN_CONSTANT_CONVERSION = YES;
				CLANG_WARN_DEPRECATED_OBJC_IMPLEMENTATIONS = YES;
				CLANG_WARN_DIRECT_OBJC_ISA_USAGE = YES_ERROR;
				CLANG_WARN_DOCUMENTATION_COMMENTS = YES;
				CLANG_WARN_EMPTY_BODY = YES;
				CLANG_WARN_ENUM_CONVERSION = YES;
				CLANG_WARN_INFINITE_RECURSION = YES;
				CLANG_WARN_INT_CONVERSION = YES;
				CLANG_WARN_NON_LITERAL_NULL_CONVERSION = YES;
				CLANG_WARN_OBJC_IMPLICIT_RETAIN_SELF = YES;
				CLANG_WARN_OBJC_LITERAL_CONVERSION = YES;
				CLANG_WARN_OBJC_ROOT_CLASS = YES_ERROR;
				CLANG_WARN_QUOTED_INCLUDE_IN_FRAMEWORK_HEADER = YES;
				CLANG_WARN_RANGE_LOOP_ANALYSIS = YES;
				CLANG_WARN_STRICT_PROTOTYPES = YES;
				CLANG_WARN_SUSPICIOUS_MOVE = YES;
				CLANG_WARN_UNGUARDED_AVAILABILITY = YES_AGGRESSIVE;
				CLANG_WARN_UNREACHABLE_CODE = YES;
				CLANG_WARN__DUPLICATE_METHOD_MATCH = YES;
				COPY_PHASE_STRIP = NO;
				DEBUG_INFORMATION_FORMAT = dwarf;
				ENABLE_STRICT_OBJC_MSGSEND = YES;
				ENABLE_TESTABILITY = YES;
				GCC_C_LANGUAGE_STANDARD = gnu11;
				GCC_DYNAMIC_NO_PIC = NO;
				GCC_NO_COMMON_BLOCKS = YES;
				GCC_OPTIMIZATION_LEVEL = 0;
				GCC_PREPROCESSOR_DEFINITIONS = (
					"DEBUG=1",
					"$(inherited)",
				);
				GCC_WARN_64_TO_32_BIT_CONVERSION = YES;
				GCC_WARN_ABOUT_RETURN_TYPE = YES_ERROR;
				GCC_WARN_UNDECLARED_SELECTOR = YES;
				GCC_WARN_UNINITIALIZED_AUTOS = YES_AGGRESSIVE;
				GCC_WARN_UNUSED_FUNCTION = YES;
				GCC_WARN_UNUSED_VARIABLE = YES;
				IPHONEOS_DEPLOYMENT_TARGET = 14.1;
				MTL_ENABLE_DEBUG_INFO = INCLUDE_SOURCE;
				MTL_FAST_MATH = YES;
				ONLY_ACTIVE_ARCH = YES;
				SDKROOT = iphoneos;
				SWIFT_ACTIVE_COMPILATION_CONDITIONS = DEBUG;
				SWIFT_OPTIMIZATION_LEVEL = "-Onone";
			};
			name = Debug;
		};
		4DA2C78725447B5300F743BF /* Release */ = {
			isa = XCBuildConfiguration;
			buildSettings = {
				ALWAYS_SEARCH_USER_PATHS = NO;
				CLANG_ANALYZER_NONNULL = YES;
				CLANG_ANALYZER_NUMBER_OBJECT_CONVERSION = YES_AGGRESSIVE;
				CLANG_CXX_LANGUAGE_STANDARD = "gnu++14";
				CLANG_CXX_LIBRARY = "libc++";
				CLANG_ENABLE_MODULES = YES;
				CLANG_ENABLE_OBJC_ARC = YES;
				CLANG_ENABLE_OBJC_WEAK = YES;
				CLANG_WARN_BLOCK_CAPTURE_AUTORELEASING = YES;
				CLANG_WARN_BOOL_CONVERSION = YES;
				CLANG_WARN_COMMA = YES;
				CLANG_WARN_CONSTANT_CONVERSION = YES;
				CLANG_WARN_DEPRECATED_OBJC_IMPLEMENTATIONS = YES;
				CLANG_WARN_DIRECT_OBJC_ISA_USAGE = YES_ERROR;
				CLANG_WARN_DOCUMENTATION_COMMENTS = YES;
				CLANG_WARN_EMPTY_BODY = YES;
				CLANG_WARN_ENUM_CONVERSION = YES;
				CLANG_WARN_INFINITE_RECURSION = YES;
				CLANG_WARN_INT_CONVERSION = YES;
				CLANG_WARN_NON_LITERAL_NULL_CONVERSION = YES;
				CLANG_WARN_OBJC_IMPLICIT_RETAIN_SELF = YES;
				CLANG_WARN_OBJC_LITERAL_CONVERSION = YES;
				CLANG_WARN_OBJC_ROOT_CLASS = YES_ERROR;
				CLANG_WARN_QUOTED_INCLUDE_IN_FRAMEWORK_HEADER = YES;
				CLANG_WARN_RANGE_LOOP_ANALYSIS = YES;
				CLANG_WARN_STRICT_PROTOTYPES = YES;
				CLANG_WARN_SUSPICIOUS_MOVE = YES;
				CLANG_WARN_UNGUARDED_AVAILABILITY = YES_AGGRESSIVE;
				CLANG_WARN_UNREACHABLE_CODE = YES;
				CLANG_WARN__DUPLICATE_METHOD_MATCH = YES;
				COPY_PHASE_STRIP = NO;
				DEBUG_INFORMATION_FORMAT = "dwarf-with-dsym";
				ENABLE_NS_ASSERTIONS = NO;
				ENABLE_STRICT_OBJC_MSGSEND = YES;
				GCC_C_LANGUAGE_STANDARD = gnu11;
				GCC_NO_COMMON_BLOCKS = YES;
				GCC_WARN_64_TO_32_BIT_CONVERSION = YES;
				GCC_WARN_ABOUT_RETURN_TYPE = YES_ERROR;
				GCC_WARN_UNDECLARED_SELECTOR = YES;
				GCC_WARN_UNINITIALIZED_AUTOS = YES_AGGRESSIVE;
				GCC_WARN_UNUSED_FUNCTION = YES;
				GCC_WARN_UNUSED_VARIABLE = YES;
				IPHONEOS_DEPLOYMENT_TARGET = 14.1;
				MTL_ENABLE_DEBUG_INFO = NO;
				MTL_FAST_MATH = YES;
				SDKROOT = iphoneos;
				SWIFT_COMPILATION_MODE = wholemodule;
				SWIFT_OPTIMIZATION_LEVEL = "-O";
				VALIDATE_PRODUCT = YES;
			};
			name = Release;
		};
		4DA2C78925447B5300F743BF /* Debug */ = {
			isa = XCBuildConfiguration;
			buildSettings = {
				ASSETCATALOG_COMPILER_APPICON_NAME = AppIcon;
				ASSETCATALOG_COMPILER_GLOBAL_ACCENT_COLOR_NAME = AccentColor;
				CODE_SIGN_STYLE = Automatic;
				DEVELOPMENT_TEAM = WMMDDS7636;
				INFOPLIST_FILE = "ProblemSolving- DinDinn/Info.plist";
				LD_RUNPATH_SEARCH_PATHS = (
					"$(inherited)",
					"@executable_path/Frameworks",
				);
				PRODUCT_BUNDLE_IDENTIFIER = "ExstremHub.Anuj.ProblemSolving--DinDinn";
				PRODUCT_NAME = "$(TARGET_NAME)";
				SWIFT_VERSION = 5.0;
				TARGETED_DEVICE_FAMILY = "1,2";
			};
			name = Debug;
		};
		4DA2C78A25447B5300F743BF /* Release */ = {
			isa = XCBuildConfiguration;
			buildSettings = {
				ASSETCATALOG_COMPILER_APPICON_NAME = AppIcon;
				ASSETCATALOG_COMPILER_GLOBAL_ACCENT_COLOR_NAME = AccentColor;
				CODE_SIGN_STYLE = Automatic;
				DEVELOPMENT_TEAM = WMMDDS7636;
				INFOPLIST_FILE = "ProblemSolving- DinDinn/Info.plist";
				LD_RUNPATH_SEARCH_PATHS = (
					"$(inherited)",
					"@executable_path/Frameworks",
				);
				PRODUCT_BUNDLE_IDENTIFIER = "ExstremHub.Anuj.ProblemSolving--DinDinn";
				PRODUCT_NAME = "$(TARGET_NAME)";
				SWIFT_VERSION = 5.0;
				TARGETED_DEVICE_FAMILY = "1,2";
			};
			name = Release;
		};
/* End XCBuildConfiguration section */

/* Begin XCConfigurationList section */
		4DA2C76F25447B4D00F743BF /* Build configuration list for PBXProject "ProblemSolving- DinDinn" */ = {
			isa = XCConfigurationList;
			buildConfigurations = (
				4DA2C78625447B5300F743BF /* Debug */,
				4DA2C78725447B5300F743BF /* Release */,
			);
			defaultConfigurationIsVisible = 0;
			defaultConfigurationName = Release;
		};
		4DA2C78825447B5300F743BF /* Build configuration list for PBXNativeTarget "ProblemSolving- DinDinn" */ = {
			isa = XCConfigurationList;
			buildConfigurations = (
				4DA2C78925447B5300F743BF /* Debug */,
				4DA2C78A25447B5300F743BF /* Release */,
			);
			defaultConfigurationIsVisible = 0;
			defaultConfigurationName = Release;
		};
/* End XCConfigurationList section */
	};
	rootObject = 4DA2C76C25447B4D00F743BF /* Project object */;
}
